// !$*UTF8*$!
{
	archiveVersion = 1;
	classes = {
	};
	objectVersion = 55;
	objects = {

/* Begin PBXBuildFile section */
		3EEC98592BA9AFE600784EFF /* AppDelegate.swift in Sources */ = {isa = PBXBuildFile; fileRef = 3EEC98582BA9AFE600784EFF /* AppDelegate.swift */; };
		3EEC985B2BA9AFE600784EFF /* SceneDelegate.swift in Sources */ = {isa = PBXBuildFile; fileRef = 3EEC985A2BA9AFE600784EFF /* SceneDelegate.swift */; };
		3EEC98622BA9AFEA00784EFF /* Assets.xcassets in Resources */ = {isa = PBXBuildFile; fileRef = 3EEC98612BA9AFEA00784EFF /* Assets.xcassets */; };
		3EEC986E2BA9B06100784EFF /* AppCoordinator.swift in Sources */ = {isa = PBXBuildFile; fileRef = 3EEC986D2BA9B06100784EFF /* AppCoordinator.swift */; };
		3EEC98702BA9B08700784EFF /* AuthCoordinator.swift in Sources */ = {isa = PBXBuildFile; fileRef = 3EEC986F2BA9B08700784EFF /* AuthCoordinator.swift */; };
		3EEC98722BA9BDD800784EFF /* RootCoordinator.swift in Sources */ = {isa = PBXBuildFile; fileRef = 3EEC98712BA9BDD800784EFF /* RootCoordinator.swift */; };
		3EEC98752BA9BE1500784EFF /* Coordinator.swift in Sources */ = {isa = PBXBuildFile; fileRef = 3EEC98742BA9BE1500784EFF /* Coordinator.swift */; };
		3EEC98772BA9BE4300784EFF /* AuthViewController.swift in Sources */ = {isa = PBXBuildFile; fileRef = 3EEC98762BA9BE4300784EFF /* AuthViewController.swift */; };
		3EEC98792BA9BE7D00784EFF /* RootTabBarViewController.swift in Sources */ = {isa = PBXBuildFile; fileRef = 3EEC98782BA9BE7D00784EFF /* RootTabBarViewController.swift */; };
		3EEC987B2BA9BEDA00784EFF /* Constants.swift in Sources */ = {isa = PBXBuildFile; fileRef = 3EEC987A2BA9BEDA00784EFF /* Constants.swift */; };
		3EEC98802BAA0BBA00784EFF /* CustomTextField.swift in Sources */ = {isa = PBXBuildFile; fileRef = 3EEC987F2BAA0BBA00784EFF /* CustomTextField.swift */; };
		3EEC98832BAA1CF300784EFF /* ShopApiManager.swift in Sources */ = {isa = PBXBuildFile; fileRef = 3EEC98822BAA1CF300784EFF /* ShopApiManager.swift */; };
		3EEC98852BAA1E8A00784EFF /* Endpoint.swift in Sources */ = {isa = PBXBuildFile; fileRef = 3EEC98842BAA1E8A00784EFF /* Endpoint.swift */; };
		3EEC98882BAA1FDE00784EFF /* Product.swift in Sources */ = {isa = PBXBuildFile; fileRef = 3EEC98872BAA1FDE00784EFF /* Product.swift */; };
		3EEC988A2BAA201700784EFF /* User.swift in Sources */ = {isa = PBXBuildFile; fileRef = 3EEC98892BAA201700784EFF /* User.swift */; };
		3EEC988E2BAAC78A00784EFF /* CartHolder.swift in Sources */ = {isa = PBXBuildFile; fileRef = 3EEC988D2BAAC78A00784EFF /* CartHolder.swift */; };
		3EEC98902BAAC98900784EFF /* CatalogViewController.swift in Sources */ = {isa = PBXBuildFile; fileRef = 3EEC988F2BAAC98900784EFF /* CatalogViewController.swift */; };
		3EEC98932BAAC9EB00784EFF /* ProductCollectionView.swift in Sources */ = {isa = PBXBuildFile; fileRef = 3EEC98922BAAC9EB00784EFF /* ProductCollectionView.swift */; };
		3EEC98952BAACA2B00784EFF /* ProductViewCell.swift in Sources */ = {isa = PBXBuildFile; fileRef = 3EEC98942BAACA2B00784EFF /* ProductViewCell.swift */; };
		3EEC989A2BAACF6100784EFF /* ContainerViewController.swift in Sources */ = {isa = PBXBuildFile; fileRef = 3EEC98992BAACF6100784EFF /* ContainerViewController.swift */; };
		3EEC989C2BAAD1FB00784EFF /* SideMenuViewController.swift in Sources */ = {isa = PBXBuildFile; fileRef = 3EEC989B2BAAD1FB00784EFF /* SideMenuViewController.swift */; };
		3EEC98C62BAE082000784EFF /* CustomCollectionView.swift in Sources */ = {isa = PBXBuildFile; fileRef = 3EEC98C52BAE081F00784EFF /* CustomCollectionView.swift */; };
		3EEC98C82BAEE9AB00784EFF /* SaleCollectionCell.swift in Sources */ = {isa = PBXBuildFile; fileRef = 3EEC98C72BAEE9AB00784EFF /* SaleCollectionCell.swift */; };
		3EEC98CA2BAEFA9600784EFF /* HomeViewController.swift in Sources */ = {isa = PBXBuildFile; fileRef = 3EEC98C92BAEFA9600784EFF /* HomeViewController.swift */; };
/* End PBXBuildFile section */

/* Begin PBXFileReference section */
		3EEC98552BA9AFE600784EFF /* TheTestShop.app */ = {isa = PBXFileReference; explicitFileType = wrapper.application; includeInIndex = 0; path = TheTestShop.app; sourceTree = BUILT_PRODUCTS_DIR; };
		3EEC98582BA9AFE600784EFF /* AppDelegate.swift */ = {isa = PBXFileReference; lastKnownFileType = sourcecode.swift; path = AppDelegate.swift; sourceTree = "<group>"; };
		3EEC985A2BA9AFE600784EFF /* SceneDelegate.swift */ = {isa = PBXFileReference; lastKnownFileType = sourcecode.swift; path = SceneDelegate.swift; sourceTree = "<group>"; };
		3EEC98612BA9AFEA00784EFF /* Assets.xcassets */ = {isa = PBXFileReference; lastKnownFileType = folder.assetcatalog; path = Assets.xcassets; sourceTree = "<group>"; };
		3EEC98662BA9AFEA00784EFF /* Info.plist */ = {isa = PBXFileReference; lastKnownFileType = text.plist.xml; path = Info.plist; sourceTree = "<group>"; };
		3EEC986D2BA9B06100784EFF /* AppCoordinator.swift */ = {isa = PBXFileReference; lastKnownFileType = sourcecode.swift; path = AppCoordinator.swift; sourceTree = "<group>"; };
		3EEC986F2BA9B08700784EFF /* AuthCoordinator.swift */ = {isa = PBXFileReference; lastKnownFileType = sourcecode.swift; path = AuthCoordinator.swift; sourceTree = "<group>"; };
		3EEC98712BA9BDD800784EFF /* RootCoordinator.swift */ = {isa = PBXFileReference; lastKnownFileType = sourcecode.swift; path = RootCoordinator.swift; sourceTree = "<group>"; };
		3EEC98742BA9BE1500784EFF /* Coordinator.swift */ = {isa = PBXFileReference; lastKnownFileType = sourcecode.swift; path = Coordinator.swift; sourceTree = "<group>"; };
		3EEC98762BA9BE4300784EFF /* AuthViewController.swift */ = {isa = PBXFileReference; lastKnownFileType = sourcecode.swift; path = AuthViewController.swift; sourceTree = "<group>"; };
		3EEC98782BA9BE7D00784EFF /* RootTabBarViewController.swift */ = {isa = PBXFileReference; lastKnownFileType = sourcecode.swift; path = RootTabBarViewController.swift; sourceTree = "<group>"; };
		3EEC987A2BA9BEDA00784EFF /* Constants.swift */ = {isa = PBXFileReference; lastKnownFileType = sourcecode.swift; path = Constants.swift; sourceTree = "<group>"; };
		3EEC987F2BAA0BBA00784EFF /* CustomTextField.swift */ = {isa = PBXFileReference; lastKnownFileType = sourcecode.swift; path = CustomTextField.swift; sourceTree = "<group>"; };
		3EEC98822BAA1CF300784EFF /* ShopApiManager.swift */ = {isa = PBXFileReference; lastKnownFileType = sourcecode.swift; path = ShopApiManager.swift; sourceTree = "<group>"; };
		3EEC98842BAA1E8A00784EFF /* Endpoint.swift */ = {isa = PBXFileReference; lastKnownFileType = sourcecode.swift; path = Endpoint.swift; sourceTree = "<group>"; };
		3EEC98872BAA1FDE00784EFF /* Product.swift */ = {isa = PBXFileReference; lastKnownFileType = sourcecode.swift; path = Product.swift; sourceTree = "<group>"; };
		3EEC98892BAA201700784EFF /* User.swift */ = {isa = PBXFileReference; lastKnownFileType = sourcecode.swift; path = User.swift; sourceTree = "<group>"; };
		3EEC988D2BAAC78A00784EFF /* CartHolder.swift */ = {isa = PBXFileReference; lastKnownFileType = sourcecode.swift; path = CartHolder.swift; sourceTree = "<group>"; };
		3EEC988F2BAAC98900784EFF /* CatalogViewController.swift */ = {isa = PBXFileReference; lastKnownFileType = sourcecode.swift; path = CatalogViewController.swift; sourceTree = "<group>"; };
		3EEC98922BAAC9EB00784EFF /* ProductCollectionView.swift */ = {isa = PBXFileReference; lastKnownFileType = sourcecode.swift; path = ProductCollectionView.swift; sourceTree = "<group>"; };
		3EEC98942BAACA2B00784EFF /* ProductViewCell.swift */ = {isa = PBXFileReference; lastKnownFileType = sourcecode.swift; path = ProductViewCell.swift; sourceTree = "<group>"; };
		3EEC98992BAACF6100784EFF /* ContainerViewController.swift */ = {isa = PBXFileReference; lastKnownFileType = sourcecode.swift; path = ContainerViewController.swift; sourceTree = "<group>"; };
		3EEC989B2BAAD1FB00784EFF /* SideMenuViewController.swift */ = {isa = PBXFileReference; lastKnownFileType = sourcecode.swift; path = SideMenuViewController.swift; sourceTree = "<group>"; };
		3EEC98C52BAE081F00784EFF /* CustomCollectionView.swift */ = {isa = PBXFileReference; lastKnownFileType = sourcecode.swift; path = CustomCollectionView.swift; sourceTree = "<group>"; };
		3EEC98C72BAEE9AB00784EFF /* SaleCollectionCell.swift */ = {isa = PBXFileReference; lastKnownFileType = sourcecode.swift; path = SaleCollectionCell.swift; sourceTree = "<group>"; };
		3EEC98C92BAEFA9600784EFF /* HomeViewController.swift */ = {isa = PBXFileReference; lastKnownFileType = sourcecode.swift; path = HomeViewController.swift; sourceTree = "<group>"; };
/* End PBXFileReference section */

/* Begin PBXFrameworksBuildPhase section */
		3EEC98522BA9AFE600784EFF /* Frameworks */ = {
			isa = PBXFrameworksBuildPhase;
			buildActionMask = 2147483647;
			files = (
			);
			runOnlyForDeploymentPostprocessing = 0;
		};
/* End PBXFrameworksBuildPhase section */

/* Begin PBXGroup section */
		3EEC984C2BA9AFE600784EFF = {
			isa = PBXGroup;
			children = (
				3EEC98572BA9AFE600784EFF /* TheTestShop */,
				3EEC98562BA9AFE600784EFF /* Products */,
			);
			sourceTree = "<group>";
		};
		3EEC98562BA9AFE600784EFF /* Products */ = {
			isa = PBXGroup;
			children = (
				3EEC98552BA9AFE600784EFF /* TheTestShop.app */,
			);
			name = Products;
			sourceTree = "<group>";
		};
		3EEC98572BA9AFE600784EFF /* TheTestShop */ = {
			isa = PBXGroup;
			children = (
				3EEC987C2BA9BF9B00784EFF /* AppDelegate */,
				3EEC98732BA9BDF000784EFF /* Base */,
				3EEC98812BAA1C3800784EFF /* NetworkLayer */,
				3EEC98862BAA1F2F00784EFF /* Models */,
				3EEC986C2BA9B01600784EFF /* Coordinators */,
				3EEC987E2BAA0B9E00784EFF /* Views */,
				3EEC987D2BA9BFBC00784EFF /* Controllers */,
				3EEC98612BA9AFEA00784EFF /* Assets.xcassets */,
				3EEC98662BA9AFEA00784EFF /* Info.plist */,
				3EEC987A2BA9BEDA00784EFF /* Constants.swift */,
				3EEC988D2BAAC78A00784EFF /* CartHolder.swift */,
			);
			path = TheTestShop;
			sourceTree = "<group>";
		};
		3EEC986C2BA9B01600784EFF /* Coordinators */ = {
			isa = PBXGroup;
			children = (
				3EEC986D2BA9B06100784EFF /* AppCoordinator.swift */,
				3EEC986F2BA9B08700784EFF /* AuthCoordinator.swift */,
				3EEC98712BA9BDD800784EFF /* RootCoordinator.swift */,
			);
			path = Coordinators;
			sourceTree = "<group>";
		};
		3EEC98732BA9BDF000784EFF /* Base */ = {
			isa = PBXGroup;
			children = (
				3EEC98742BA9BE1500784EFF /* Coordinator.swift */,
			);
			path = Base;
			sourceTree = "<group>";
		};
		3EEC987C2BA9BF9B00784EFF /* AppDelegate */ = {
			isa = PBXGroup;
			children = (
				3EEC98582BA9AFE600784EFF /* AppDelegate.swift */,
				3EEC985A2BA9AFE600784EFF /* SceneDelegate.swift */,
			);
			path = AppDelegate;
			sourceTree = "<group>";
		};
		3EEC987D2BA9BFBC00784EFF /* Controllers */ = {
			isa = PBXGroup;
			children = (
				3EEC98962BAACB6100784EFF /* CatalogModule */,
				3EEC98762BA9BE4300784EFF /* AuthViewController.swift */,
				3EEC98782BA9BE7D00784EFF /* RootTabBarViewController.swift */,
				3EEC98C92BAEFA9600784EFF /* HomeViewController.swift */,
			);
			path = Controllers;
			sourceTree = "<group>";
		};
		3EEC987E2BAA0B9E00784EFF /* Views */ = {
			isa = PBXGroup;
			children = (
				3EEC98912BAAC9D700784EFF /* ProductCollectionView */,
				3EEC987F2BAA0BBA00784EFF /* CustomTextField.swift */,
				3EEC98C72BAEE9AB00784EFF /* SaleCollectionCell.swift */,
				3EEC98C52BAE081F00784EFF /* CustomCollectionView.swift */,
			);
			path = Views;
			sourceTree = "<group>";
		};
		3EEC98812BAA1C3800784EFF /* NetworkLayer */ = {
			isa = PBXGroup;
			children = (
				3EEC98822BAA1CF300784EFF /* ShopApiManager.swift */,
				3EEC98842BAA1E8A00784EFF /* Endpoint.swift */,
			);
			path = NetworkLayer;
			sourceTree = "<group>";
		};
		3EEC98862BAA1F2F00784EFF /* Models */ = {
			isa = PBXGroup;
			children = (
				3EEC98872BAA1FDE00784EFF /* Product.swift */,
				3EEC98892BAA201700784EFF /* User.swift */,
			);
			path = Models;
			sourceTree = "<group>";
		};
		3EEC98912BAAC9D700784EFF /* ProductCollectionView */ = {
			isa = PBXGroup;
			children = (
				3EEC98922BAAC9EB00784EFF /* ProductCollectionView.swift */,
				3EEC98942BAACA2B00784EFF /* ProductViewCell.swift */,
			);
			path = ProductCollectionView;
			sourceTree = "<group>";
		};
		3EEC98962BAACB6100784EFF /* CatalogModule */ = {
			isa = PBXGroup;
			children = (
				3EEC988F2BAAC98900784EFF /* CatalogViewController.swift */,
				3EEC98992BAACF6100784EFF /* ContainerViewController.swift */,
				3EEC989B2BAAD1FB00784EFF /* SideMenuViewController.swift */,
			);
			path = CatalogModule;
			sourceTree = "<group>";
		};
/* End PBXGroup section */

/* Begin PBXNativeTarget section */
		3EEC98542BA9AFE600784EFF /* TheTestShop */ = {
			isa = PBXNativeTarget;
			buildConfigurationList = 3EEC98692BA9AFEA00784EFF /* Build configuration list for PBXNativeTarget "TheTestShop" */;
			buildPhases = (
				3EEC98512BA9AFE600784EFF /* Sources */,
				3EEC98522BA9AFE600784EFF /* Frameworks */,
				3EEC98532BA9AFE600784EFF /* Resources */,
			);
			buildRules = (
			);
			dependencies = (
			);
			name = TheTestShop;
			productName = TheTestShop;
			productReference = 3EEC98552BA9AFE600784EFF /* TheTestShop.app */;
			productType = "com.apple.product-type.application";
		};
/* End PBXNativeTarget section */

/* Begin PBXProject section */
		3EEC984D2BA9AFE600784EFF /* Project object */ = {
			isa = PBXProject;
			attributes = {
				BuildIndependentTargetsInParallel = 1;
				LastSwiftUpdateCheck = 1320;
				LastUpgradeCheck = 1320;
				TargetAttributes = {
					3EEC98542BA9AFE600784EFF = {
						CreatedOnToolsVersion = 13.2;
					};
				};
			};
			buildConfigurationList = 3EEC98502BA9AFE600784EFF /* Build configuration list for PBXProject "TheTestShop" */;
			compatibilityVersion = "Xcode 13.0";
			developmentRegion = en;
			hasScannedForEncodings = 0;
			knownRegions = (
				en,
				Base,
			);
			mainGroup = 3EEC984C2BA9AFE600784EFF;
			productRefGroup = 3EEC98562BA9AFE600784EFF /* Products */;
			projectDirPath = "";
			projectRoot = "";
			targets = (
				3EEC98542BA9AFE600784EFF /* TheTestShop */,
			);
		};
/* End PBXProject section */

/* Begin PBXResourcesBuildPhase section */
		3EEC98532BA9AFE600784EFF /* Resources */ = {
			isa = PBXResourcesBuildPhase;
			buildActionMask = 2147483647;
			files = (
				3EEC98622BA9AFEA00784EFF /* Assets.xcassets in Resources */,
			);
			runOnlyForDeploymentPostprocessing = 0;
		};
/* End PBXResourcesBuildPhase section */

/* Begin PBXSourcesBuildPhase section */
		3EEC98512BA9AFE600784EFF /* Sources */ = {
			isa = PBXSourcesBuildPhase;
			buildActionMask = 2147483647;
			files = (
				3EEC98902BAAC98900784EFF /* CatalogViewController.swift in Sources */,
				3EEC98702BA9B08700784EFF /* AuthCoordinator.swift in Sources */,
				3EEC989A2BAACF6100784EFF /* ContainerViewController.swift in Sources */,
				3EEC98952BAACA2B00784EFF /* ProductViewCell.swift in Sources */,
				3EEC989C2BAAD1FB00784EFF /* SideMenuViewController.swift in Sources */,
				3EEC986E2BA9B06100784EFF /* AppCoordinator.swift in Sources */,
				3EEC98592BA9AFE600784EFF /* AppDelegate.swift in Sources */,
				3EEC98772BA9BE4300784EFF /* AuthViewController.swift in Sources */,
				3EEC98802BAA0BBA00784EFF /* CustomTextField.swift in Sources */,
				3EEC98932BAAC9EB00784EFF /* ProductCollectionView.swift in Sources */,
				3EEC98C82BAEE9AB00784EFF /* SaleCollectionCell.swift in Sources */,
				3EEC98CA2BAEFA9600784EFF /* HomeViewController.swift in Sources */,
				3EEC987B2BA9BEDA00784EFF /* Constants.swift in Sources */,
				3EEC988A2BAA201700784EFF /* User.swift in Sources */,
				3EEC988E2BAAC78A00784EFF /* CartHolder.swift in Sources */,
				3EEC98832BAA1CF300784EFF /* ShopApiManager.swift in Sources */,
				3EEC98722BA9BDD800784EFF /* RootCoordinator.swift in Sources */,
				3EEC985B2BA9AFE600784EFF /* SceneDelegate.swift in Sources */,
				3EEC98792BA9BE7D00784EFF /* RootTabBarViewController.swift in Sources */,
				3EEC98852BAA1E8A00784EFF /* Endpoint.swift in Sources */,
				3EEC98752BA9BE1500784EFF /* Coordinator.swift in Sources */,
				3EEC98C62BAE082000784EFF /* CustomCollectionView.swift in Sources */,
				3EEC98882BAA1FDE00784EFF /* Product.swift in Sources */,
			);
			runOnlyForDeploymentPostprocessing = 0;
		};
/* End PBXSourcesBuildPhase section */

/* Begin XCBuildConfiguration section */
		3EEC98672BA9AFEA00784EFF /* Debug */ = {
			isa = XCBuildConfiguration;
			buildSettings = {
				ALWAYS_SEARCH_USER_PATHS = NO;
				CLANG_ANALYZER_NONNULL = YES;
				CLANG_ANALYZER_NUMBER_OBJECT_CONVERSION = YES_AGGRESSIVE;
				CLANG_CXX_LANGUAGE_STANDARD = "gnu++17";
				CLANG_CXX_LIBRARY = "libc++";
				CLANG_ENABLE_MODULES = YES;
				CLANG_ENABLE_OBJC_ARC = YES;
				CLANG_ENABLE_OBJC_WEAK = YES;
				CLANG_WARN_BLOCK_CAPTURE_AUTORELEASING = YES;
				CLANG_WARN_BOOL_CONVERSION = YES;
				CLANG_WARN_COMMA = YES;
				CLANG_WARN_CONSTANT_CONVERSION = YES;
				CLANG_WARN_DEPRECATED_OBJC_IMPLEMENTATIONS = YES;
				CLANG_WARN_DIRECT_OBJC_ISA_USAGE = YES_ERROR;
				CLANG_WARN_DOCUMENTATION_COMMENTS = YES;
				CLANG_WARN_EMPTY_BODY = YES;
				CLANG_WARN_ENUM_CONVERSION = YES;
				CLANG_WARN_INFINITE_RECURSION = YES;
				CLANG_WARN_INT_CONVERSION = YES;
				CLANG_WARN_NON_LITERAL_NULL_CONVERSION = YES;
				CLANG_WARN_OBJC_IMPLICIT_RETAIN_SELF = YES;
				CLANG_WARN_OBJC_LITERAL_CONVERSION = YES;
				CLANG_WARN_OBJC_ROOT_CLASS = YES_ERROR;
				CLANG_WARN_QUOTED_INCLUDE_IN_FRAMEWORK_HEADER = YES;
				CLANG_WARN_RANGE_LOOP_ANALYSIS = YES;
				CLANG_WARN_STRICT_PROTOTYPES = YES;
				CLANG_WARN_SUSPICIOUS_MOVE = YES;
				CLANG_WARN_UNGUARDED_AVAILABILITY = YES_AGGRESSIVE;
				CLANG_WARN_UNREACHABLE_CODE = YES;
				CLANG_WARN__DUPLICATE_METHOD_MATCH = YES;
				COPY_PHASE_STRIP = NO;
				DEBUG_INFORMATION_FORMAT = dwarf;
				ENABLE_STRICT_OBJC_MSGSEND = YES;
				ENABLE_TESTABILITY = YES;
				GCC_C_LANGUAGE_STANDARD = gnu11;
				GCC_DYNAMIC_NO_PIC = NO;
				GCC_NO_COMMON_BLOCKS = YES;
				GCC_OPTIMIZATION_LEVEL = 0;
				GCC_PREPROCESSOR_DEFINITIONS = (
					"DEBUG=1",
					"$(inherited)",
				);
				GCC_WARN_64_TO_32_BIT_CONVERSION = YES;
				GCC_WARN_ABOUT_RETURN_TYPE = YES_ERROR;
				GCC_WARN_UNDECLARED_SELECTOR = YES;
				GCC_WARN_UNINITIALIZED_AUTOS = YES_AGGRESSIVE;
				GCC_WARN_UNUSED_FUNCTION = YES;
				GCC_WARN_UNUSED_VARIABLE = YES;
				IPHONEOS_DEPLOYMENT_TARGET = 15.2;
				MTL_ENABLE_DEBUG_INFO = INCLUDE_SOURCE;
				MTL_FAST_MATH = YES;
				ONLY_ACTIVE_ARCH = YES;
				SDKROOT = iphoneos;
				SWIFT_ACTIVE_COMPILATION_CONDITIONS = DEBUG;
				SWIFT_OPTIMIZATION_LEVEL = "-Onone";
			};
			name = Debug;
		};
		3EEC98682BA9AFEA00784EFF /* Release */ = {
			isa = XCBuildConfiguration;
			buildSettings = {
				ALWAYS_SEARCH_USER_PATHS = NO;
				CLANG_ANALYZER_NONNULL = YES;
				CLANG_ANALYZER_NUMBER_OBJECT_CONVERSION = YES_AGGRESSIVE;
				CLANG_CXX_LANGUAGE_STANDARD = "gnu++17";
				CLANG_CXX_LIBRARY = "libc++";
				CLANG_ENABLE_MODULES = YES;
				CLANG_ENABLE_OBJC_ARC = YES;
				CLANG_ENABLE_OBJC_WEAK = YES;
				CLANG_WARN_BLOCK_CAPTURE_AUTORELEASING = YES;
				CLANG_WARN_BOOL_CONVERSION = YES;
				CLANG_WARN_COMMA = YES;
				CLANG_WARN_CONSTANT_CONVERSION = YES;
				CLANG_WARN_DEPRECATED_OBJC_IMPLEMENTATIONS = YES;
				CLANG_WARN_DIRECT_OBJC_ISA_USAGE = YES_ERROR;
				CLANG_WARN_DOCUMENTATION_COMMENTS = YES;
				CLANG_WARN_EMPTY_BODY = YES;
				CLANG_WARN_ENUM_CONVERSION = YES;
				CLANG_WARN_INFINITE_RECURSION = YES;
				CLANG_WARN_INT_CONVERSION = YES;
				CLANG_WARN_NON_LITERAL_NULL_CONVERSION = YES;
				CLANG_WARN_OBJC_IMPLICIT_RETAIN_SELF = YES;
				CLANG_WARN_OBJC_LITERAL_CONVERSION = YES;
				CLANG_WARN_OBJC_ROOT_CLASS = YES_ERROR;
				CLANG_WARN_QUOTED_INCLUDE_IN_FRAMEWORK_HEADER = YES;
				CLANG_WARN_RANGE_LOOP_ANALYSIS = YES;
				CLANG_WARN_STRICT_PROTOTYPES = YES;
				CLANG_WARN_SUSPICIOUS_MOVE = YES;
				CLANG_WARN_UNGUARDED_AVAILABILITY = YES_AGGRESSIVE;
				CLANG_WARN_UNREACHABLE_CODE = YES;
				CLANG_WARN__DUPLICATE_METHOD_MATCH = YES;
				COPY_PHASE_STRIP = NO;
				DEBUG_INFORMATION_FORMAT = "dwarf-with-dsym";
				ENABLE_NS_ASSERTIONS = NO;
				ENABLE_STRICT_OBJC_MSGSEND = YES;
				GCC_C_LANGUAGE_STANDARD = gnu11;
				GCC_NO_COMMON_BLOCKS = YES;
				GCC_WARN_64_TO_32_BIT_CONVERSION = YES;
				GCC_WARN_ABOUT_RETURN_TYPE = YES_ERROR;
				GCC_WARN_UNDECLARED_SELECTOR = YES;
				GCC_WARN_UNINITIALIZED_AUTOS = YES_AGGRESSIVE;
				GCC_WARN_UNUSED_FUNCTION = YES;
				GCC_WARN_UNUSED_VARIABLE = YES;
				IPHONEOS_DEPLOYMENT_TARGET = 15.2;
				MTL_ENABLE_DEBUG_INFO = NO;
				MTL_FAST_MATH = YES;
				SDKROOT = iphoneos;
				SWIFT_COMPILATION_MODE = wholemodule;
				SWIFT_OPTIMIZATION_LEVEL = "-O";
				VALIDATE_PRODUCT = YES;
			};
			name = Release;
		};
		3EEC986A2BA9AFEA00784EFF /* Debug */ = {
			isa = XCBuildConfiguration;
			buildSettings = {
				ASSETCATALOG_COMPILER_APPICON_NAME = AppIcon;
				ASSETCATALOG_COMPILER_GLOBAL_ACCENT_COLOR_NAME = AccentColor;
				CODE_SIGN_STYLE = Automatic;
				CURRENT_PROJECT_VERSION = 1;
				GENERATE_INFOPLIST_FILE = YES;
				INFOPLIST_FILE = TheTestShop/Info.plist;
				INFOPLIST_KEY_CFBundleDisplayName = TheTestShop;
				INFOPLIST_KEY_UIApplicationSupportsIndirectInputEvents = YES;
				INFOPLIST_KEY_UILaunchStoryboardName = LaunchScreen;
				INFOPLIST_KEY_UISupportedInterfaceOrientations_iPad = "UIInterfaceOrientationPortrait UIInterfaceOrientationPortraitUpsideDown UIInterfaceOrientationLandscapeLeft UIInterfaceOrientationLandscapeRight";
				INFOPLIST_KEY_UISupportedInterfaceOrientations_iPhone = "UIInterfaceOrientationPortrait UIInterfaceOrientationLandscapeLeft UIInterfaceOrientationLandscapeRight";
				LD_RUNPATH_SEARCH_PATHS = (
					"$(inherited)",
					"@executable_path/Frameworks",
				);
				MARKETING_VERSION = 1.0;
				PRODUCT_BUNDLE_IDENTIFIER = Connect.TheTestShop;
				PRODUCT_NAME = "$(TARGET_NAME)";
				SWIFT_EMIT_LOC_STRINGS = YES;
				SWIFT_VERSION = 5.0;
				TARGETED_DEVICE_FAMILY = 1;
			};
			name = Debug;
		};
		3EEC986B2BA9AFEA00784EFF /* Release */ = {
			isa = XCBuildConfiguration;
			buildSettings = {
				ASSETCATALOG_COMPILER_APPICON_NAME = AppIcon;
				ASSETCATALOG_COMPILER_GLOBAL_ACCENT_COLOR_NAME = AccentColor;
				CODE_SIGN_STYLE = Automatic;
				CURRENT_PROJECT_VERSION = 1;
				GENERATE_INFOPLIST_FILE = YES;
				INFOPLIST_FILE = TheTestShop/Info.plist;
				INFOPLIST_KEY_CFBundleDisplayName = TheTestShop;
				INFOPLIST_KEY_UIApplicationSupportsIndirectInputEvents = YES;
				INFOPLIST_KEY_UILaunchStoryboardName = LaunchScreen;
				INFOPLIST_KEY_UISupportedInterfaceOrientations_iPad = "UIInterfaceOrientationPortrait UIInterfaceOrientationPortraitUpsideDown UIInterfaceOrientationLandscapeLeft UIInterfaceOrientationLandscapeRight";
				INFOPLIST_KEY_UISupportedInterfaceOrientations_iPhone = "UIInterfaceOrientationPortrait UIInterfaceOrientationLandscapeLeft UIInterfaceOrientationLandscapeRight";
				LD_RUNPATH_SEARCH_PATHS = (
					"$(inherited)",
					"@executable_path/Frameworks",
				);
				MARKETING_VERSION = 1.0;
				PRODUCT_BUNDLE_IDENTIFIER = Connect.TheTestShop;
				PRODUCT_NAME = "$(TARGET_NAME)";
				SWIFT_EMIT_LOC_STRINGS = YES;
				SWIFT_VERSION = 5.0;
				TARGETED_DEVICE_FAMILY = 1;
			};
			name = Release;
		};
/* End XCBuildConfiguration section */

/* Begin XCConfigurationList section */
		3EEC98502BA9AFE600784EFF /* Build configuration list for PBXProject "TheTestShop" */ = {
			isa = XCConfigurationList;
			buildConfigurations = (
				3EEC98672BA9AFEA00784EFF /* Debug */,
				3EEC98682BA9AFEA00784EFF /* Release */,
			);
			defaultConfigurationIsVisible = 0;
			defaultConfigurationName = Release;
		};
		3EEC98692BA9AFEA00784EFF /* Build configuration list for PBXNativeTarget "TheTestShop" */ = {
			isa = XCConfigurationList;
			buildConfigurations = (
				3EEC986A2BA9AFEA00784EFF /* Debug */,
				3EEC986B2BA9AFEA00784EFF /* Release */,
			);
			defaultConfigurationIsVisible = 0;
			defaultConfigurationName = Release;
		};
/* End XCConfigurationList section */
	};
	rootObject = 3EEC984D2BA9AFE600784EFF /* Project object */;
}
